{
  "name": "first",
  "lockfileVersion": 2,
  "requires": true,
  "packages": {
    "": {
      "dependencies": {
        "counterup2": "^1.0.4"
      }
    },
    "node_modules/counterup2": {
      "version": "1.0.4",
      "resolved": "https://registry.npmjs.org/counterup2/-/counterup2-1.0.4.tgz",
      "integrity": "sha512-OXPt4cFxxC6g9J9r59cIwsZfTkXaR8eMVxUY2P6yviFclsx3QRbYtfqwtCb0a/Dz2y2ATy7hnpV4Y1LQsfurwQ=="
    }
  },
  "dependencies": {
    "counterup2": {
      "version": "1.0.4",
      "resolved": "https://registry.npmjs.org/counterup2/-/counterup2-1.0.4.tgz",
      "integrity": "sha512-OXPt4cFxxC6g9J9r59cIwsZfTkXaR8eMVxUY2P6yviFclsx3QRbYtfqwtCb0a/Dz2y2ATy7hnpV4Y1LQsfurwQ=="
    }
  }
}
